
Microsoft Visual Studio Solution File, Format Version 12.00
# Visual Studio 15
VisualStudioVersion = 15.0.27130.2010
MinimumVisualStudioVersion = 10.0.40219.1
Project("{FAE04EC0-301F-11D3-BF4B-00C04F79EFBC}") = "RyuzakiUI", "RyuzakiUI\RyuzakiUI.csproj", "{E7A28E2E-6BE4-4D6F-B6E8-D78545D9BBD2}"
EndProject
Project("{FAE04EC0-301F-11D3-BF4B-00C04F79EFBC}") = "Dissector", "Dissector\Dissector.csproj", "{2179BE62-A965-4550-A887-4F1376CA2FA1}"
EndProject
Global
	GlobalSection(SolutionConfigurationPlatforms) = preSolution
		Debug|Any CPU = Debug|Any CPU
		Debug|x64 = Debug|x64
		Release|Any CPU = Release|Any CPU
		Release|x64 = Release|x64
	EndGlobalSection
	GlobalSection(ProjectConfigurationPlatforms) = postSolution
		{E7A28E2E-6BE4-4D6F-B6E8-D78545D9BBD2}.Debug|Any CPU.ActiveCfg = Debug|Any CPU
		{E7A28E2E-6BE4-4D6F-B6E8-D78545D9BBD2}.Debug|Any CPU.Build.0 = Debug|Any CPU
		{E7A28E2E-6BE4-4D6F-B6E8-D78545D9BBD2}.Debug|x64.ActiveCfg = Debug|x64
		{E7A28E2E-6BE4-4D6F-B6E8-D78545D9BBD2}.Debug|x64.Build.0 = Debug|x64
		{E7A28E2E-6BE4-4D6F-B6E8-D78545D9BBD2}.Release|Any CPU.ActiveCfg = Release|x64
		{E7A28E2E-6BE4-4D6F-B6E8-D78545D9BBD2}.Release|Any CPU.Build.0 = Release|x64
		{E7A28E2E-6BE4-4D6F-B6E8-D78545D9BBD2}.Release|x64.ActiveCfg = Release|x64
		{E7A28E2E-6BE4-4D6F-B6E8-D78545D9BBD2}.Release|x64.Build.0 = Release|x64
		{2179BE62-A965-4550-A887-4F1376CA2FA1}.Debug|Any CPU.ActiveCfg = Debug|Any CPU
		{2179BE62-A965-4550-A887-4F1376CA2FA1}.Debug|Any CPU.Build.0 = Debug|Any CPU
		{2179BE62-A965-4550-A887-4F1376CA2FA1}.Debug|x64.ActiveCfg = Debug|x64
		{2179BE62-A965-4550-A887-4F1376CA2FA1}.Debug|x64.Build.0 = Debug|x64
		{2179BE62-A965-4550-A887-4F1376CA2FA1}.Release|Any CPU.ActiveCfg = Release|x64
		{2179BE62-A965-4550-A887-4F1376CA2FA1}.Release|Any CPU.Build.0 = Release|x64
		{2179BE62-A965-4550-A887-4F1376CA2FA1}.Release|x64.ActiveCfg = Release|x64
		{2179BE62-A965-4550-A887-4F1376CA2FA1}.Release|x64.Build.0 = Release|x64
	EndGlobalSection
	GlobalSection(SolutionProperties) = preSolution
		HideSolutionNode = FALSE
	EndGlobalSection
	GlobalSection(ExtensibilityGlobals) = postSolution
		SolutionGuid = {BC0B5184-F9C1-408F-8938-201457A21C0D}
	EndGlobalSection
EndGlobal
